// !$*UTF8*$!
{
	archiveVersion = 1;
	classes = {
	};
	objectVersion = 50;
	objects = {

/* Begin PBXBuildFile section */
		9766A222A53A9DE5E2C9D16B /* Pods_DouyuuApp.framework in Frameworks */ = {isa = PBXBuildFile; fileRef = 35A68C5671F73F6C0B3D570E /* Pods_DouyuuApp.framework */; };
		CB129F94224CDA9100164587 /* AppDelegate.swift in Sources */ = {isa = PBXBuildFile; fileRef = CB129F93224CDA9100164587 /* AppDelegate.swift */; };
		CB129F96224CDA9100164587 /* ViewController.swift in Sources */ = {isa = PBXBuildFile; fileRef = CB129F95224CDA9100164587 /* ViewController.swift */; };
		CB129F99224CDA9100164587 /* Main.storyboard in Resources */ = {isa = PBXBuildFile; fileRef = CB129F97224CDA9100164587 /* Main.storyboard */; };
		CB129F9B224CDA9300164587 /* Assets.xcassets in Resources */ = {isa = PBXBuildFile; fileRef = CB129F9A224CDA9300164587 /* Assets.xcassets */; };
		CB129F9E224CDA9300164587 /* LaunchScreen.storyboard in Resources */ = {isa = PBXBuildFile; fileRef = CB129F9C224CDA9300164587 /* LaunchScreen.storyboard */; };
/* End PBXBuildFile section */

/* Begin PBXFileReference section */
		35A68C5671F73F6C0B3D570E /* Pods_DouyuuApp.framework */ = {isa = PBXFileReference; explicitFileType = wrapper.framework; includeInIndex = 0; path = Pods_DouyuuApp.framework; sourceTree = BUILT_PRODUCTS_DIR; };
		BE98DD65D9950D7410569D57 /* Pods-DouyuuApp.release.xcconfig */ = {isa = PBXFileReference; includeInIndex = 1; lastKnownFileType = text.xcconfig; name = "Pods-DouyuuApp.release.xcconfig"; path = "Target Support Files/Pods-DouyuuApp/Pods-DouyuuApp.release.xcconfig"; sourceTree = "<group>"; };
		CB129F90224CDA9100164587 /* DouyuuApp.app */ = {isa = PBXFileReference; explicitFileType = wrapper.application; includeInIndex = 0; path = DouyuuApp.app; sourceTree = BUILT_PRODUCTS_DIR; };
		CB129F93224CDA9100164587 /* AppDelegate.swift */ = {isa = PBXFileReference; lastKnownFileType = sourcecode.swift; path = AppDelegate.swift; sourceTree = "<group>"; };
		CB129F95224CDA9100164587 /* ViewController.swift */ = {isa = PBXFileReference; lastKnownFileType = sourcecode.swift; path = ViewController.swift; sourceTree = "<group>"; };
		CB129F98224CDA9100164587 /* Base */ = {isa = PBXFileReference; lastKnownFileType = file.storyboard; name = Base; path = Base.lproj/Main.storyboard; sourceTree = "<group>"; };
		CB129F9A224CDA9300164587 /* Assets.xcassets */ = {isa = PBXFileReference; lastKnownFileType = folder.assetcatalog; path = Assets.xcassets; sourceTree = "<group>"; };
		CB129F9D224CDA9300164587 /* Base */ = {isa = PBXFileReference; lastKnownFileType = file.storyboard; name = Base; path = Base.lproj/LaunchScreen.storyboard; sourceTree = "<group>"; };
		CB129F9F224CDA9300164587 /* Info.plist */ = {isa = PBXFileReference; lastKnownFileType = text.plist.xml; path = Info.plist; sourceTree = "<group>"; };
		DC2FBEE1CE540B41429F25FC /* Pods-DouyuuApp.debug.xcconfig */ = {isa = PBXFileReference; includeInIndex = 1; lastKnownFileType = text.xcconfig; name = "Pods-DouyuuApp.debug.xcconfig"; path = "Target Support Files/Pods-DouyuuApp/Pods-DouyuuApp.debug.xcconfig"; sourceTree = "<group>"; };
/* End PBXFileReference section */

/* Begin PBXFrameworksBuildPhase section */
		CB129F8D224CDA9100164587 /* Frameworks */ = {
			isa = PBXFrameworksBuildPhase;
			buildActionMask = 2147483647;
			files = (
				9766A222A53A9DE5E2C9D16B /* Pods_DouyuuApp.framework in Frameworks */,
			);
			runOnlyForDeploymentPostprocessing = 0;
		};
/* End PBXFrameworksBuildPhase section */

/* Begin PBXGroup section */
		455FD172A309B0B04F02552E /* Pods */ = {
			isa = PBXGroup;
			children = (
				DC2FBEE1CE540B41429F25FC /* Pods-DouyuuApp.debug.xcconfig */,
				BE98DD65D9950D7410569D57 /* Pods-DouyuuApp.release.xcconfig */,
			);
			name = Pods;
			path = Pods;
			sourceTree = "<group>";
		};
		CB129F87224CDA9100164587 = {
			isa = PBXGroup;
			children = (
				CB129F92224CDA9100164587 /* DouyuuApp */,
				CB129F91224CDA9100164587 /* Products */,
				455FD172A309B0B04F02552E /* Pods */,
				F4C081E79189D63967312803 /* Frameworks */,
			);
			sourceTree = "<group>";
		};
		CB129F91224CDA9100164587 /* Products */ = {
			isa = PBXGroup;
			children = (
				CB129F90224CDA9100164587 /* DouyuuApp.app */,
			);
			name = Products;
			sourceTree = "<group>";
		};
		CB129F92224CDA9100164587 /* DouyuuApp */ = {
			isa = PBXGroup;
			children = (
				CB129F93224CDA9100164587 /* AppDelegate.swift */,
				CB129F95224CDA9100164587 /* ViewController.swift */,
				CB129F97224CDA9100164587 /* Main.storyboard */,
				CB129F9A224CDA9300164587 /* Assets.xcassets */,
				CB129F9C224CDA9300164587 /* LaunchScreen.storyboard */,
				CB129F9F224CDA9300164587 /* Info.plist */,
			);
			path = DouyuuApp;
			sourceTree = "<group>";
		};
		F4C081E79189D63967312803 /* Frameworks */ = {
			isa = PBXGroup;
			children = (
				35A68C5671F73F6C0B3D570E /* Pods_DouyuuApp.framework */,
			);
			name = Frameworks;
			sourceTree = "<group>";
		};
/* End PBXGroup section */

/* Begin PBXNativeTarget section */
		CB129F8F224CDA9100164587 /* DouyuuApp */ = {
			isa = PBXNativeTarget;
			buildConfigurationList = CB129FA2224CDA9300164587 /* Build configuration list for PBXNativeTarget "DouyuuApp" */;
			buildPhases = (
				D6796516C7C8C23D4020F1E6 /* [CP] Check Pods Manifest.lock */,
				CB129F8C224CDA9100164587 /* Sources */,
				CB129F8D224CDA9100164587 /* Frameworks */,
				CB129F8E224CDA9100164587 /* Resources */,
				F71D8D292DA9DA81E4F37C73 /* [CP] Embed Pods Frameworks */,
			);
			buildRules = (
			);
			dependencies = (
			);
			name = DouyuuApp;
			productName = DouyuuApp;
			productReference = CB129F90224CDA9100164587 /* DouyuuApp.app */;
			productType = "com.apple.product-type.application";
		};
/* End PBXNativeTarget section */

/* Begin PBXProject section */
		CB129F88224CDA9100164587 /* Project object */ = {
			isa = PBXProject;
			attributes = {
				LastSwiftUpdateCheck = 1020;
				LastUpgradeCheck = 1020;
				ORGANIZATIONNAME = douyuu;
				TargetAttributes = {
					CB129F8F224CDA9100164587 = {
						CreatedOnToolsVersion = 10.2;
					};
				};
			};
			buildConfigurationList = CB129F8B224CDA9100164587 /* Build configuration list for PBXProject "DouyuuApp" */;
			compatibilityVersion = "Xcode 9.3";
			developmentRegion = en;
			hasScannedForEncodings = 0;
			knownRegions = (
				en,
				Base,
			);
			mainGroup = CB129F87224CDA9100164587;
			productRefGroup = CB129F91224CDA9100164587 /* Products */;
			projectDirPath = "";
			projectRoot = "";
			targets = (
				CB129F8F224CDA9100164587 /* DouyuuApp */,
			);
		};
/* End PBXProject section */

/* Begin PBXResourcesBuildPhase section */
		CB129F8E224CDA9100164587 /* Resources */ = {
			isa = PBXResourcesBuildPhase;
			buildActionMask = 2147483647;
			files = (
				CB129F9E224CDA9300164587 /* LaunchScreen.storyboard in Resources */,
				CB129F9B224CDA9300164587 /* Assets.xcassets in Resources */,
				CB129F99224CDA9100164587 /* Main.storyboard in Resources */,
			);
			runOnlyForDeploymentPostprocessing = 0;
		};
/* End PBXResourcesBuildPhase section */

/* Begin PBXShellScriptBuildPhase section */
		D6796516C7C8C23D4020F1E6 /* [CP] Check Pods Manifest.lock */ = {
			isa = PBXShellScriptBuildPhase;
			buildActionMask = 2147483647;
			files = (
			);
			inputFileListPaths = (
			);
			inputPaths = (
				"${PODS_PODFILE_DIR_PATH}/Podfile.lock",
				"${PODS_ROOT}/Manifest.lock",
			);
			name = "[CP] Check Pods Manifest.lock";
			outputFileListPaths = (
			);
			outputPaths = (
				"$(DERIVED_FILE_DIR)/Pods-DouyuuApp-checkManifestLockResult.txt",
			);
			runOnlyForDeploymentPostprocessing = 0;
			shellPath = /bin/sh;
			shellScript = "diff \"${PODS_PODFILE_DIR_PATH}/Podfile.lock\" \"${PODS_ROOT}/Manifest.lock\" > /dev/null\nif [ $? != 0 ] ; then\n    # print error to STDERR\n    echo \"error: The sandbox is not in sync with the Podfile.lock. Run 'pod install' or update your CocoaPods installation.\" >&2\n    exit 1\nfi\n# This output is used by Xcode 'outputs' to avoid re-running this script phase.\necho \"SUCCESS\" > \"${SCRIPT_OUTPUT_FILE_0}\"\n";
			showEnvVarsInLog = 0;
		};
		F71D8D292DA9DA81E4F37C73 /* [CP] Embed Pods Frameworks */ = {
			isa = PBXShellScriptBuildPhase;
			buildActionMask = 2147483647;
			files = (
			);
			inputFileListPaths = (
			);
			inputPaths = (
				"${PODS_ROOT}/Target Support Files/Pods-DouyuuApp/Pods-DouyuuApp-frameworks.sh",
				"${BUILT_PRODUCTS_DIR}/DouyuuBase/DouyuuBase.framework",
			);
			name = "[CP] Embed Pods Frameworks";
			outputFileListPaths = (
			);
			outputPaths = (
				"${TARGET_BUILD_DIR}/${FRAMEWORKS_FOLDER_PATH}/DouyuuBase.framework",
			);
			runOnlyForDeploymentPostprocessing = 0;
			shellPath = /bin/sh;
			shellScript = "\"${PODS_ROOT}/Target Support Files/Pods-DouyuuApp/Pods-DouyuuApp-frameworks.sh\"\n";
			showEnvVarsInLog = 0;
		};
/* End PBXShellScriptBuildPhase section */

/* Begin PBXSourcesBuildPhase section */
		CB129F8C224CDA9100164587 /* Sources */ = {
			isa = PBXSourcesBuildPhase;
			buildActionMask = 2147483647;
			files = (
				CB129F96224CDA9100164587 /* ViewController.swift in Sources */,
				CB129F94224CDA9100164587 /* AppDelegate.swift in Sources */,
			);
			runOnlyForDeploymentPostprocessing = 0;
		};
/* End PBXSourcesBuildPhase section */

/* Begin PBXVariantGroup section */
		CB129F97224CDA9100164587 /* Main.storyboard */ = {
			isa = PBXVariantGroup;
			children = (
				CB129F98224CDA9100164587 /* Base */,
			);
			name = Main.storyboard;
			sourceTree = "<group>";
		};
		CB129F9C224CDA9300164587 /* LaunchScreen.storyboard */ = {
			isa = PBXVariantGroup;
			children = (
				CB129F9D224CDA9300164587 /* Base */,
			);
			name = LaunchScreen.storyboard;
			sourceTree = "<group>";
		};
/* End PBXVariantGroup section */

/* Begin XCBuildConfiguration section */
		CB129FA0224CDA9300164587 /* Debug */ = {
			isa = XCBuildConfiguration;
			buildSettings = {
				ALWAYS_SEARCH_USER_PATHS = NO;
				CLANG_ANALYZER_NONNULL = YES;
				CLANG_ANALYZER_NUMBER_OBJECT_CONVERSION = YES_AGGRESSIVE;
				CLANG_CXX_LANGUAGE_STANDARD = "gnu++14";
				CLANG_CXX_LIBRARY = "libc++";
				CLANG_ENABLE_MODULES = YES;
				CLANG_ENABLE_OBJC_ARC = YES;
				CLANG_ENABLE_OBJC_WEAK = YES;
				CLANG_WARN_BLOCK_CAPTURE_AUTORELEASING = YES;
				CLANG_WARN_BOOL_CONVERSION = YES;
				CLANG_WARN_COMMA = YES;
				CLANG_WARN_CONSTANT_CONVERSION = YES;
				CLANG_WARN_DEPRECATED_OBJC_IMPLEMENTATIONS = YES;
				CLANG_WARN_DIRECT_OBJC_ISA_USAGE = YES_ERROR;
				CLANG_WARN_DOCUMENTATION_COMMENTS = YES;
				CLANG_WARN_EMPTY_BODY = YES;
				CLANG_WARN_ENUM_CONVERSION = YES;
				CLANG_WARN_INFINITE_RECURSION = YES;
				CLANG_WARN_INT_CONVERSION = YES;
				CLANG_WARN_NON_LITERAL_NULL_CONVERSION = YES;
				CLANG_WARN_OBJC_IMPLICIT_RETAIN_SELF = YES;
				CLANG_WARN_OBJC_LITERAL_CONVERSION = YES;
				CLANG_WARN_OBJC_ROOT_CLASS = YES_ERROR;
				CLANG_WARN_RANGE_LOOP_ANALYSIS = YES;
				CLANG_WARN_STRICT_PROTOTYPES = YES;
				CLANG_WARN_SUSPICIOUS_MOVE = YES;
				CLANG_WARN_UNGUARDED_AVAILABILITY = YES_AGGRESSIVE;
				CLANG_WARN_UNREACHABLE_CODE = YES;
				CLANG_WARN__DUPLICATE_METHOD_MATCH = YES;
				CODE_SIGN_IDENTITY = "iPhone Developer";
				COPY_PHASE_STRIP = NO;
				DEBUG_INFORMATION_FORMAT = dwarf;
				ENABLE_STRICT_OBJC_MSGSEND = YES;
				ENABLE_TESTABILITY = YES;
				GCC_C_LANGUAGE_STANDARD = gnu11;
				GCC_DYNAMIC_NO_PIC = NO;
				GCC_NO_COMMON_BLOCKS = YES;
				GCC_OPTIMIZATION_LEVEL = 0;
				GCC_PREPROCESSOR_DEFINITIONS = (
					"DEBUG=1",
					"$(inherited)",
				);
				GCC_WARN_64_TO_32_BIT_CONVERSION = YES;
				GCC_WARN_ABOUT_RETURN_TYPE = YES_ERROR;
				GCC_WARN_UNDECLARED_SELECTOR = YES;
				GCC_WARN_UNINITIALIZED_AUTOS = YES_AGGRESSIVE;
				GCC_WARN_UNUSED_FUNCTION = YES;
				GCC_WARN_UNUSED_VARIABLE = YES;
				IPHONEOS_DEPLOYMENT_TARGET = 12.2;
				MTL_ENABLE_DEBUG_INFO = INCLUDE_SOURCE;
				MTL_FAST_MATH = YES;
				ONLY_ACTIVE_ARCH = YES;
				SDKROOT = iphoneos;
				SWIFT_ACTIVE_COMPILATION_CONDITIONS = DEBUG;
				SWIFT_OPTIMIZATION_LEVEL = "-Onone";
			};
			name = Debug;
		};
		CB129FA1224CDA9300164587 /* Release */ = {
			isa = XCBuildConfiguration;
			buildSettings = {
				ALWAYS_SEARCH_USER_PATHS = NO;
				CLANG_ANALYZER_NONNULL = YES;
				CLANG_ANALYZER_NUMBER_OBJECT_CONVERSION = YES_AGGRESSIVE;
				CLANG_CXX_LANGUAGE_STANDARD = "gnu++14";
				CLANG_CXX_LIBRARY = "libc++";
				CLANG_ENABLE_MODULES = YES;
				CLANG_ENABLE_OBJC_ARC = YES;
				CLANG_ENABLE_OBJC_WEAK = YES;
				CLANG_WARN_BLOCK_CAPTURE_AUTORELEASING = YES;
				CLANG_WARN_BOOL_CONVERSION = YES;
				CLANG_WARN_COMMA = YES;
				CLANG_WARN_CONSTANT_CONVERSION = YES;
				CLANG_WARN_DEPRECATED_OBJC_IMPLEMENTATIONS = YES;
				CLANG_WARN_DIRECT_OBJC_ISA_USAGE = YES_ERROR;
				CLANG_WARN_DOCUMENTATION_COMMENTS = YES;
				CLANG_WARN_EMPTY_BODY = YES;
				CLANG_WARN_ENUM_CONVERSION = YES;
				CLANG_WARN_INFINITE_RECURSION = YES;
				CLANG_WARN_INT_CONVERSION = YES;
				CLANG_WARN_NON_LITERAL_NULL_CONVERSION = YES;
				CLANG_WARN_OBJC_IMPLICIT_RETAIN_SELF = YES;
				CLANG_WARN_OBJC_LITERAL_CONVERSION = YES;
				CLANG_WARN_OBJC_ROOT_CLASS = YES_ERROR;
				CLANG_WARN_RANGE_LOOP_ANALYSIS = YES;
				CLANG_WARN_STRICT_PROTOTYPES = YES;
				CLANG_WARN_SUSPICIOUS_MOVE = YES;
				CLANG_WARN_UNGUARDED_AVAILABILITY = YES_AGGRESSIVE;
				CLANG_WARN_UNREACHABLE_CODE = YES;
				CLANG_WARN__DUPLICATE_METHOD_MATCH = YES;
				CODE_SIGN_IDENTITY = "iPhone Developer";
				COPY_PHASE_STRIP = NO;
				DEBUG_INFORMATION_FORMAT = "dwarf-with-dsym";
				ENABLE_NS_ASSERTIONS = NO;
				ENABLE_STRICT_OBJC_MSGSEND = YES;
				GCC_C_LANGUAGE_STANDARD = gnu11;
				GCC_NO_COMMON_BLOCKS = YES;
				GCC_WARN_64_TO_32_BIT_CONVERSION = YES;
				GCC_WARN_ABOUT_RETURN_TYPE = YES_ERROR;
				GCC_WARN_UNDECLARED_SELECTOR = YES;
				GCC_WARN_UNINITIALIZED_AUTOS = YES_AGGRESSIVE;
				GCC_WARN_UNUSED_FUNCTION = YES;
				GCC_WARN_UNUSED_VARIABLE = YES;
				IPHONEOS_DEPLOYMENT_TARGET = 12.2;
				MTL_ENABLE_DEBUG_INFO = NO;
				MTL_FAST_MATH = YES;
				SDKROOT = iphoneos;
				SWIFT_COMPILATION_MODE = wholemodule;
				SWIFT_OPTIMIZATION_LEVEL = "-O";
				VALIDATE_PRODUCT = YES;
			};
			name = Release;
		};
		CB129FA3224CDA9300164587 /* Debug */ = {
			isa = XCBuildConfiguration;
			baseConfigurationReference = DC2FBEE1CE540B41429F25FC /* Pods-DouyuuApp.debug.xcconfig */;
			buildSettings = {
				ASSETCATALOG_COMPILER_APPICON_NAME = AppIcon;
				CODE_SIGN_STYLE = Automatic;
				DEVELOPMENT_TEAM = 46L52UPPM4;
				INFOPLIST_FILE = DouyuuApp/Info.plist;
				LD_RUNPATH_SEARCH_PATHS = (
					"$(inherited)",
					"@executable_path/Frameworks",
				);
				PRODUCT_BUNDLE_IDENTIFIER = cn.dev.DouyuuApp;
				PRODUCT_NAME = "$(TARGET_NAME)";
				SWIFT_VERSION = 5.0;
				TARGETED_DEVICE_FAMILY = "1,2";
			};
			name = Debug;
		};
		CB129FA4224CDA9300164587 /* Release */ = {
			isa = XCBuildConfiguration;
			baseConfigurationReference = BE98DD65D9950D7410569D57 /* Pods-DouyuuApp.release.xcconfig */;
			buildSettings = {
				ASSETCATALOG_COMPILER_APPICON_NAME = AppIcon;
				CODE_SIGN_STYLE = Automatic;
				DEVELOPMENT_TEAM = 46L52UPPM4;
				INFOPLIST_FILE = DouyuuApp/Info.plist;
				LD_RUNPATH_SEARCH_PATHS = (
					"$(inherited)",
					"@executable_path/Frameworks",
				);
				PRODUCT_BUNDLE_IDENTIFIER = cn.dev.DouyuuApp;
				PRODUCT_NAME = "$(TARGET_NAME)";
				SWIFT_VERSION = 5.0;
				TARGETED_DEVICE_FAMILY = "1,2";
			};
			name = Release;
		};
/* End XCBuildConfiguration section */

/* Begin XCConfigurationList section */
		CB129F8B224CDA9100164587 /* Build configuration list for PBXProject "DouyuuApp" */ = {
			isa = XCConfigurationList;
			buildConfigurations = (
				CB129FA0224CDA9300164587 /* Debug */,
				CB129FA1224CDA9300164587 /* Release */,
			);
			defaultConfigurationIsVisible = 0;
			defaultConfigurationName = Release;
		};
		CB129FA2224CDA9300164587 /* Build configuration list for PBXNativeTarget "DouyuuApp" */ = {
			isa = XCConfigurationList;
			buildConfigurations = (
				CB129FA3224CDA9300164587 /* Debug */,
				CB129FA4224CDA9300164587 /* Release */,
			);
			defaultConfigurationIsVisible = 0;
			defaultConfigurationName = Release;
		};
/* End XCConfigurationList section */
	};
	rootObject = CB129F88224CDA9100164587 /* Project object */;
}
